
Microsoft Visual Studio Solution File, Format Version 12.00
# Visual Studio 15
VisualStudioVersion = 15.0.28307.1209
MinimumVisualStudioVersion = 10.0.40219.1
Project("{888888A0-9F3D-457C-B088-3A5042F75D52}") = "sports_betting_re_le_demo", "sports_betting_re_le_demo\sports_betting_re_le_demo.pyproj", "{FC2DC5CD-3439-4C0D-A37A-0CEE1F99969F}"
EndProject
Global
	GlobalSection(SolutionConfigurationPlatforms) = preSolution
		Debug|Any CPU = Debug|Any CPU
		Release|Any CPU = Release|Any CPU
	EndGlobalSection
	GlobalSection(ProjectConfigurationPlatforms) = postSolution
		{FC2DC5CD-3439-4C0D-A37A-0CEE1F99969F}.Debug|Any CPU.ActiveCfg = Debug|Any CPU
		{FC2DC5CD-3439-4C0D-A37A-0CEE1F99969F}.Release|Any CPU.ActiveCfg = Release|Any CPU
	EndGlobalSection
	GlobalSection(SolutionProperties) = preSolution
		HideSolutionNode = FALSE
	EndGlobalSection
	GlobalSection(ExtensibilityGlobals) = postSolution
		SolutionGuid = {356136D0-ABC4-4AD6-961C-D247522F48ED}
	EndGlobalSection
EndGlobal
